id: blnxngsched_cuda_fanout
label: cuda_fanout
category: '[blnxngsched]'

templates:
  imports: import blnxngsched
  make: blnxngsched.cuda_fanout()

inputs:
- domain: cuda
  dtype: complex

outputs:
- domain: cuda
  dtype: complex
- domain: cuda
  dtype: complex
- domain: cuda
  dtype: complex

file_format: 1
